Microsoft Visual Studio Solution File, Format Version 12.00
# Visual Studio Version 17
VisualStudioVersion = 17.13.35825.156
MinimumVisualStudioVersion = 16.0.0.0
Project("{9A19103F-16F7-4668-BE54-9A1E7A4F7556}") = "Pulpa.Agent.Realtor", "Pulpa.Agent.Realtor\Pulpa.Agent.Realtor.csproj", "{DD3BD577-F164-4E75-9105-C08F6ECF3824}"
EndProject
Project("{9A19103F-16F7-4668-BE54-9A1E7A4F7556}") = "Pulpa.Agent.Realtor.Client", "Pulpa.Agent.Realtor.Client\Pulpa.Agent.Realtor.Client.csproj", "{1F5D6243-E93F-4B9F-999F-D58DA2D251E3}"
EndProject
Project("{FAE04EC0-301F-11D3-BF4B-00C04F79EFBC}") = "Pulpa.Agent.Realtor.Domain", "Pulpa.Agent.Realtor.Domain\Pulpa.Agent.Realtor.Domain.csproj", "{F1B0B46C-4CB3-415D-9236-3E9E390375E3}"
EndProject
Global
	GlobalSection(SolutionConfigurationPlatforms) = preSolution
		Debug|Any CPU = Debug|Any CPU
		Debug|x64 = Debug|x64
		Debug|x86 = Debug|x86
		Release|Any CPU = Release|Any CPU
		Release|x64 = Release|x64
		Release|x86 = Release|x86
	EndGlobalSection
	GlobalSection(ProjectConfigurationPlatforms) = postSolution
		{DD3BD577-F164-4E75-9105-C08F6ECF3824}.Debug|Any CPU.ActiveCfg = Debug|Any CPU
		{DD3BD577-F164-4E75-9105-C08F6ECF3824}.Debug|Any CPU.Build.0 = Debug|Any CPU
		{DD3BD577-F164-4E75-9105-C08F6ECF3824}.Debug|x64.ActiveCfg = Debug|Any CPU
		{DD3BD577-F164-4E75-9105-C08F6ECF3824}.Debug|x64.Build.0 = Debug|Any CPU
		{DD3BD577-F164-4E75-9105-C08F6ECF3824}.Debug|x86.ActiveCfg = Debug|Any CPU
		{DD3BD577-F164-4E75-9105-C08F6ECF3824}.Debug|x86.Build.0 = Debug|Any CPU
		{DD3BD577-F164-4E75-9105-C08F6ECF3824}.Release|Any CPU.ActiveCfg = Release|Any CPU
		{DD3BD577-F164-4E75-9105-C08F6ECF3824}.Release|Any CPU.Build.0 = Release|Any CPU
		{DD3BD577-F164-4E75-9105-C08F6ECF3824}.Release|x64.ActiveCfg = Release|Any CPU
		{DD3BD577-F164-4E75-9105-C08F6ECF3824}.Release|x64.Build.0 = Release|Any CPU
		{DD3BD577-F164-4E75-9105-C08F6ECF3824}.Release|x86.ActiveCfg = Release|Any CPU
		{DD3BD577-F164-4E75-9105-C08F6ECF3824}.Release|x86.Build.0 = Release|Any CPU
		{1F5D6243-E93F-4B9F-999F-D58DA2D251E3}.Debug|Any CPU.ActiveCfg = Debug|Any CPU
		{1F5D6243-E93F-4B9F-999F-D58DA2D251E3}.Debug|Any CPU.Build.0 = Debug|Any CPU
		{1F5D6243-E93F-4B9F-999F-D58DA2D251E3}.Debug|x64.ActiveCfg = Debug|Any CPU
		{1F5D6243-E93F-4B9F-999F-D58DA2D251E3}.Debug|x64.Build.0 = Debug|Any CPU
		{1F5D6243-E93F-4B9F-999F-D58DA2D251E3}.Debug|x86.ActiveCfg = Debug|Any CPU
		{1F5D6243-E93F-4B9F-999F-D58DA2D251E3}.Debug|x86.Build.0 = Debug|Any CPU
		{1F5D6243-E93F-4B9F-999F-D58DA2D251E3}.Release|Any CPU.ActiveCfg = Release|Any CPU
		{1F5D6243-E93F-4B9F-999F-D58DA2D251E3}.Release|Any CPU.Build.0 = Release|Any CPU
		{1F5D6243-E93F-4B9F-999F-D58DA2D251E3}.Release|x64.ActiveCfg = Release|Any CPU
		{1F5D6243-E93F-4B9F-999F-D58DA2D251E3}.Release|x64.Build.0 = Release|Any CPU
		{1F5D6243-E93F-4B9F-999F-D58DA2D251E3}.Release|x86.ActiveCfg = Release|Any CPU
		{1F5D6243-E93F-4B9F-999F-D58DA2D251E3}.Release|x86.Build.0 = Release|Any CPU
		{F1B0B46C-4CB3-415D-9236-3E9E390375E3}.Debug|Any CPU.ActiveCfg = Debug|Any CPU
		{F1B0B46C-4CB3-415D-9236-3E9E390375E3}.Debug|Any CPU.Build.0 = Debug|Any CPU
		{F1B0B46C-4CB3-415D-9236-3E9E390375E3}.Debug|x64.ActiveCfg = Debug|Any CPU
		{F1B0B46C-4CB3-415D-9236-3E9E390375E3}.Debug|x64.Build.0 = Debug|Any CPU
		{F1B0B46C-4CB3-415D-9236-3E9E390375E3}.Debug|x86.ActiveCfg = Debug|Any CPU
		{F1B0B46C-4CB3-415D-9236-3E9E390375E3}.Debug|x86.Build.0 = Debug|Any CPU
		{F1B0B46C-4CB3-415D-9236-3E9E390375E3}.Release|Any CPU.ActiveCfg = Release|Any CPU
		{F1B0B46C-4CB3-415D-9236-3E9E390375E3}.Release|Any CPU.Build.0 = Release|Any CPU
		{F1B0B46C-4CB3-415D-9236-3E9E390375E3}.Release|x64.ActiveCfg = Release|Any CPU
		{F1B0B46C-4CB3-415D-9236-3E9E390375E3}.Release|x64.Build.0 = Release|Any CPU
		{F1B0B46C-4CB3-415D-9236-3E9E390375E3}.Release|x86.ActiveCfg = Release|Any CPU
		{F1B0B46C-4CB3-415D-9236-3E9E390375E3}.Release|x86.Build.0 = Release|Any CPU
	EndGlobalSection
	GlobalSection(SolutionProperties) = preSolution
		HideSolutionNode = FALSE
	EndGlobalSection
	GlobalSection(ExtensibilityGlobals) = postSolution
		SolutionGuid = {82CDBB93-2E09-4990-8423-2F417CC45E56}
	EndGlobalSection
EndGlobal
